// !$*UTF8*$!
{
	archiveVersion = 1;
	classes = {
	};
	objectVersion = 46;
	objects = {

/* Begin PBXBuildFile section */
		1117E8291E26975300B6AFBE /* AppDelegate.swift in Sources */ = {isa = PBXBuildFile; fileRef = 1117E8281E26975300B6AFBE /* AppDelegate.swift */; };
		1117E82B1E26975300B6AFBE /* ViewController.swift in Sources */ = {isa = PBXBuildFile; fileRef = 1117E82A1E26975300B6AFBE /* ViewController.swift */; };
		1117E82E1E26975300B6AFBE /* Main.storyboard in Resources */ = {isa = PBXBuildFile; fileRef = 1117E82C1E26975300B6AFBE /* Main.storyboard */; };
		1117E8301E26975300B6AFBE /* Assets.xcassets in Resources */ = {isa = PBXBuildFile; fileRef = 1117E82F1E26975300B6AFBE /* Assets.xcassets */; };
		1117E8331E26975300B6AFBE /* LaunchScreen.storyboard in Resources */ = {isa = PBXBuildFile; fileRef = 1117E8311E26975300B6AFBE /* LaunchScreen.storyboard */; };
/* End PBXBuildFile section */

/* Begin PBXFileReference section */
		1117E8251E26975300B6AFBE /* StackInStack.app */ = {isa = PBXFileReference; explicitFileType = wrapper.application; includeInIndex = 0; path = StackInStack.app; sourceTree = BUILT_PRODUCTS_DIR; };
		1117E8281E26975300B6AFBE /* AppDelegate.swift */ = {isa = PBXFileReference; lastKnownFileType = sourcecode.swift; path = AppDelegate.swift; sourceTree = "<group>"; };
		1117E82A1E26975300B6AFBE /* ViewController.swift */ = {isa = PBXFileReference; lastKnownFileType = sourcecode.swift; path = ViewController.swift; sourceTree = "<group>"; };
		1117E82D1E26975300B6AFBE /* Base */ = {isa = PBXFileReference; lastKnownFileType = file.storyboard; name = Base; path = Base.lproj/Main.storyboard; sourceTree = "<group>"; };
		1117E82F1E26975300B6AFBE /* Assets.xcassets */ = {isa = PBXFileReference; lastKnownFileType = folder.assetcatalog; path = Assets.xcassets; sourceTree = "<group>"; };
		1117E8321E26975300B6AFBE /* Base */ = {isa = PBXFileReference; lastKnownFileType = file.storyboard; name = Base; path = Base.lproj/LaunchScreen.storyboard; sourceTree = "<group>"; };
		1117E8341E26975300B6AFBE /* Info.plist */ = {isa = PBXFileReference; lastKnownFileType = text.plist.xml; path = Info.plist; sourceTree = "<group>"; };
/* End PBXFileReference section */

/* Begin PBXFrameworksBuildPhase section */
		1117E8221E26975300B6AFBE /* Frameworks */ = {
			isa = PBXFrameworksBuildPhase;
			buildActionMask = 2147483647;
			files = (
			);
			runOnlyForDeploymentPostprocessing = 0;
		};
/* End PBXFrameworksBuildPhase section */

/* Begin PBXGroup section */
		1117E81C1E26975200B6AFBE = {
			isa = PBXGroup;
			children = (
				1117E8271E26975300B6AFBE /* StackInStack */,
				1117E8261E26975300B6AFBE /* Products */,
			);
			sourceTree = "<group>";
		};
		1117E8261E26975300B6AFBE /* Products */ = {
			isa = PBXGroup;
			children = (
				1117E8251E26975300B6AFBE /* StackInStack.app */,
			);
			name = Products;
			sourceTree = "<group>";
		};
		1117E8271E26975300B6AFBE /* StackInStack */ = {
			isa = PBXGroup;
			children = (
				1117E8281E26975300B6AFBE /* AppDelegate.swift */,
				1117E82A1E26975300B6AFBE /* ViewController.swift */,
				1117E82C1E26975300B6AFBE /* Main.storyboard */,
				1117E82F1E26975300B6AFBE /* Assets.xcassets */,
				1117E8311E26975300B6AFBE /* LaunchScreen.storyboard */,
				1117E8341E26975300B6AFBE /* Info.plist */,
			);
			path = StackInStack;
			sourceTree = "<group>";
		};
/* End PBXGroup section */

/* Begin PBXNativeTarget section */
		1117E8241E26975300B6AFBE /* StackInStack */ = {
			isa = PBXNativeTarget;
			buildConfigurationList = 1117E8371E26975300B6AFBE /* Build configuration list for PBXNativeTarget "StackInStack" */;
			buildPhases = (
				1117E8211E26975300B6AFBE /* Sources */,
				1117E8221E26975300B6AFBE /* Frameworks */,
				1117E8231E26975300B6AFBE /* Resources */,
			);
			buildRules = (
			);
			dependencies = (
			);
			name = StackInStack;
			productName = StackInStack;
			productReference = 1117E8251E26975300B6AFBE /* StackInStack.app */;
			productType = "com.apple.product-type.application";
		};
/* End PBXNativeTarget section */

/* Begin PBXProject section */
		1117E81D1E26975300B6AFBE /* Project object */ = {
			isa = PBXProject;
			attributes = {
				LastSwiftUpdateCheck = 0820;
				LastUpgradeCheck = 0820;
				ORGANIZATIONNAME = "Xeoscript Technologies";
				TargetAttributes = {
					1117E8241E26975300B6AFBE = {
						CreatedOnToolsVersion = 8.2.1;
						ProvisioningStyle = Automatic;
					};
				};
			};
			buildConfigurationList = 1117E8201E26975300B6AFBE /* Build configuration list for PBXProject "StackInStack" */;
			compatibilityVersion = "Xcode 3.2";
			developmentRegion = English;
			hasScannedForEncodings = 0;
			knownRegions = (
				en,
				Base,
			);
			mainGroup = 1117E81C1E26975200B6AFBE;
			productRefGroup = 1117E8261E26975300B6AFBE /* Products */;
			projectDirPath = "";
			projectRoot = "";
			targets = (
				1117E8241E26975300B6AFBE /* StackInStack */,
			);
		};
/* End PBXProject section */

/* Begin PBXResourcesBuildPhase section */
		1117E8231E26975300B6AFBE /* Resources */ = {
			isa = PBXResourcesBuildPhase;
			buildActionMask = 2147483647;
			files = (
				1117E8331E26975300B6AFBE /* LaunchScreen.storyboard in Resources */,
				1117E8301E26975300B6AFBE /* Assets.xcassets in Resources */,
				1117E82E1E26975300B6AFBE /* Main.storyboard in Resources */,
			);
			runOnlyForDeploymentPostprocessing = 0;
		};
/* End PBXResourcesBuildPhase section */

/* Begin PBXSourcesBuildPhase section */
		1117E8211E26975300B6AFBE /* Sources */ = {
			isa = PBXSourcesBuildPhase;
			buildActionMask = 2147483647;
			files = (
				1117E82B1E26975300B6AFBE /* ViewController.swift in Sources */,
				1117E8291E26975300B6AFBE /* AppDelegate.swift in Sources */,
			);
			runOnlyForDeploymentPostprocessing = 0;
		};
/* End PBXSourcesBuildPhase section */

/* Begin PBXVariantGroup section */
		1117E82C1E26975300B6AFBE /* Main.storyboard */ = {
			isa = PBXVariantGroup;
			children = (
				1117E82D1E26975300B6AFBE /* Base */,
			);
			name = Main.storyboard;
			sourceTree = "<group>";
		};
		1117E8311E26975300B6AFBE /* LaunchScreen.storyboard */ = {
			isa = PBXVariantGroup;
			children = (
				1117E8321E26975300B6AFBE /* Base */,
			);
			name = LaunchScreen.storyboard;
			sourceTree = "<group>";
		};
/* End PBXVariantGroup section */

/* Begin XCBuildConfiguration section */
		1117E8351E26975300B6AFBE /* Debug */ = {
			isa = XCBuildConfiguration;
			buildSettings = {
				ALWAYS_SEARCH_USER_PATHS = NO;
				CLANG_ANALYZER_NONNULL = YES;
				CLANG_CXX_LANGUAGE_STANDARD = "gnu++0x";
				CLANG_CXX_LIBRARY = "libc++";
				CLANG_ENABLE_MODULES = YES;
				CLANG_ENABLE_OBJC_ARC = YES;
				CLANG_WARN_BOOL_CONVERSION = YES;
				CLANG_WARN_CONSTANT_CONVERSION = YES;
				CLANG_WARN_DIRECT_OBJC_ISA_USAGE = YES_ERROR;
				CLANG_WARN_DOCUMENTATION_COMMENTS = YES;
				CLANG_WARN_EMPTY_BODY = YES;
				CLANG_WARN_ENUM_CONVERSION = YES;
				CLANG_WARN_INFINITE_RECURSION = YES;
				CLANG_WARN_INT_CONVERSION = YES;
				CLANG_WARN_OBJC_ROOT_CLASS = YES_ERROR;
				CLANG_WARN_SUSPICIOUS_MOVE = YES;
				CLANG_WARN_UNREACHABLE_CODE = YES;
				CLANG_WARN__DUPLICATE_METHOD_MATCH = YES;
				"CODE_SIGN_IDENTITY[sdk=iphoneos*]" = "iPhone Developer";
				COPY_PHASE_STRIP = NO;
				DEBUG_INFORMATION_FORMAT = dwarf;
				ENABLE_STRICT_OBJC_MSGSEND = YES;
				ENABLE_TESTABILITY = YES;
				GCC_C_LANGUAGE_STANDARD = gnu99;
				GCC_DYNAMIC_NO_PIC = NO;
				GCC_NO_COMMON_BLOCKS = YES;
				GCC_OPTIMIZATION_LEVEL = 0;
				GCC_PREPROCESSOR_DEFINITIONS = (
					"DEBUG=1",
					"$(inherited)",
				);
				GCC_WARN_64_TO_32_BIT_CONVERSION = YES;
				GCC_WARN_ABOUT_RETURN_TYPE = YES_ERROR;
				GCC_WARN_UNDECLARED_SELECTOR = YES;
				GCC_WARN_UNINITIALIZED_AUTOS = YES_AGGRESSIVE;
				GCC_WARN_UNUSED_FUNCTION = YES;
				GCC_WARN_UNUSED_VARIABLE = YES;
				IPHONEOS_DEPLOYMENT_TARGET = 10.2;
				MTL_ENABLE_DEBUG_INFO = YES;
				ONLY_ACTIVE_ARCH = YES;
				SDKROOT = iphoneos;
				SWIFT_ACTIVE_COMPILATION_CONDITIONS = DEBUG;
				SWIFT_OPTIMIZATION_LEVEL = "-Onone";
				TARGETED_DEVICE_FAMILY = "1,2";
			};
			name = Debug;
		};
		1117E8361E26975300B6AFBE /* Release */ = {
			isa = XCBuildConfiguration;
			buildSettings = {
				ALWAYS_SEARCH_USER_PATHS = NO;
				CLANG_ANALYZER_NONNULL = YES;
				CLANG_CXX_LANGUAGE_STANDARD = "gnu++0x";
				CLANG_CXX_LIBRARY = "libc++";
				CLANG_ENABLE_MODULES = YES;
				CLANG_ENABLE_OBJC_ARC = YES;
				CLANG_WARN_BOOL_CONVERSION = YES;
				CLANG_WARN_CONSTANT_CONVERSION = YES;
				CLANG_WARN_DIRECT_OBJC_ISA_USAGE = YES_ERROR;
				CLANG_WARN_DOCUMENTATION_COMMENTS = YES;
				CLANG_WARN_EMPTY_BODY = YES;
				CLANG_WARN_ENUM_CONVERSION = YES;
				CLANG_WARN_INFINITE_RECURSION = YES;
				CLANG_WARN_INT_CONVERSION = YES;
				CLANG_WARN_OBJC_ROOT_CLASS = YES_ERROR;
				CLANG_WARN_SUSPICIOUS_MOVE = YES;
				CLANG_WARN_UNREACHABLE_CODE = YES;
				CLANG_WARN__DUPLICATE_METHOD_MATCH = YES;
				"CODE_SIGN_IDENTITY[sdk=iphoneos*]" = "iPhone Developer";
				COPY_PHASE_STRIP = NO;
				DEBUG_INFORMATION_FORMAT = "dwarf-with-dsym";
				ENABLE_NS_ASSERTIONS = NO;
				ENABLE_STRICT_OBJC_MSGSEND = YES;
				GCC_C_LANGUAGE_STANDARD = gnu99;
				GCC_NO_COMMON_BLOCKS = YES;
				GCC_WARN_64_TO_32_BIT_CONVERSION = YES;
				GCC_WARN_ABOUT_RETURN_TYPE = YES_ERROR;
				GCC_WARN_UNDECLARED_SELECTOR = YES;
				GCC_WARN_UNINITIALIZED_AUTOS = YES_AGGRESSIVE;
				GCC_WARN_UNUSED_FUNCTION = YES;
				GCC_WARN_UNUSED_VARIABLE = YES;
				IPHONEOS_DEPLOYMENT_TARGET = 10.2;
				MTL_ENABLE_DEBUG_INFO = NO;
				SDKROOT = iphoneos;
				SWIFT_OPTIMIZATION_LEVEL = "-Owholemodule";
				TARGETED_DEVICE_FAMILY = "1,2";
				VALIDATE_PRODUCT = YES;
			};
			name = Release;
		};
		1117E8381E26975300B6AFBE /* Debug */ = {
			isa = XCBuildConfiguration;
			buildSettings = {
				ASSETCATALOG_COMPILER_APPICON_NAME = AppIcon;
				INFOPLIST_FILE = StackInStack/Info.plist;
				LD_RUNPATH_SEARCH_PATHS = "$(inherited) @executable_path/Frameworks";
				PRODUCT_BUNDLE_IDENTIFIER = com.xeoscript.StackInStack;
				PRODUCT_NAME = "$(TARGET_NAME)";
				SWIFT_VERSION = 3.0;
			};
			name = Debug;
		};
		1117E8391E26975300B6AFBE /* Release */ = {
			isa = XCBuildConfiguration;
			buildSettings = {
				ASSETCATALOG_COMPILER_APPICON_NAME = AppIcon;
				INFOPLIST_FILE = StackInStack/Info.plist;
				LD_RUNPATH_SEARCH_PATHS = "$(inherited) @executable_path/Frameworks";
				PRODUCT_BUNDLE_IDENTIFIER = com.xeoscript.StackInStack;
				PRODUCT_NAME = "$(TARGET_NAME)";
				SWIFT_VERSION = 3.0;
			};
			name = Release;
		};
/* End XCBuildConfiguration section */

/* Begin XCConfigurationList section */
		1117E8201E26975300B6AFBE /* Build configuration list for PBXProject "StackInStack" */ = {
			isa = XCConfigurationList;
			buildConfigurations = (
				1117E8351E26975300B6AFBE /* Debug */,
				1117E8361E26975300B6AFBE /* Release */,
			);
			defaultConfigurationIsVisible = 0;
			defaultConfigurationName = Release;
		};
		1117E8371E26975300B6AFBE /* Build configuration list for PBXNativeTarget "StackInStack" */ = {
			isa = XCConfigurationList;
			buildConfigurations = (
				1117E8381E26975300B6AFBE /* Debug */,
				1117E8391E26975300B6AFBE /* Release */,
			);
			defaultConfigurationIsVisible = 0;
		};
/* End XCConfigurationList section */
	};
	rootObject = 1117E81D1E26975300B6AFBE /* Project object */;
}
